[[package]]
name = "prometheus-client"
version = "0.13.1"
description = "Python client for the Prometheus monitoring system."
category = "main"
optional = false
python-versions = ">=3.6"

[package.extras]
twisted = ["twisted"]

[metadata]
lock-version = "1.1"
python-versions = "^3.8"
content-hash = "8320f4bd36b3692e5cc5d533f640eb442be46a3b0d78fcaacc63f2b40a26eebf"

[metadata.files]
prometheus-client = [
    {file = "prometheus_client-0.13.1-py3-none-any.whl", hash = "sha256:357a447fd2359b0a1d2e9b311a0c5778c330cfbe186d880ad5a6b39884652316"},
    {file = "prometheus_client-0.13.1.tar.gz", hash = "sha256:ada41b891b79fca5638bd5cfe149efa86512eaa55987893becd2c6d8d0a5dfc5"},
]
